
Microsoft Visual Studio Solution File, Format Version 12.00
# Visual Studio 15
VisualStudioVersion = 15.0.26228.4
MinimumVisualStudioVersion = 10.0.40219.1
Project("{8BC9CEB8-8B4A-11D0-8D11-00A0C91BC942}") = "guru", "guru\guru.vcxproj", "{188C082F-A690-45BF-8D22-C10FBC4FE8EC}"
EndProject
Project("{8BC9CEB8-8B4A-11D0-8D11-00A0C91BC942}") = "grocery_test", "grocery_test\grocery_test.vcxproj", "{02E01B5E-CC41-47E2-94CB-21960D99B891}"
EndProject
Project("{8BC9CEB8-8B4A-11D0-8D11-00A0C91BC942}") = "guru_unittest", "guru_unittest\guru_unittest.vcxproj", "{511BA45E-CD99-421F-8B89-529691311F20}"
EndProject
Project("{8BC9CEB8-8B4A-11D0-8D11-00A0C91BC942}") = "log_test", "log_test\log_test.vcxproj", "{60BEB23D-F91C-40FE-820D-41890244AD85}"
EndProject
Project("{8BC9CEB8-8B4A-11D0-8D11-00A0C91BC942}") = "nut_test", "nut_test\nut_test.vcxproj", "{32F90413-AD6C-4FDF-A2B7-D04E30143C8A}"
EndProject
Project("{8BC9CEB8-8B4A-11D0-8D11-00A0C91BC942}") = "template_test", "template_test\template_test.vcxproj", "{9E1653BF-3E98-4DD6-B42D-A0659F3DBE6E}"
EndProject
Project("{8BC9CEB8-8B4A-11D0-8D11-00A0C91BC942}") = "dump_test", "dump_test\dump_test.vcxproj", "{24957106-9963-4680-AEFE-52A6740085DB}"
EndProject
Global
	GlobalSection(SolutionConfigurationPlatforms) = preSolution
		Debug|x64 = Debug|x64
		Debug|x86 = Debug|x86
		Release|x64 = Release|x64
		Release|x86 = Release|x86
	EndGlobalSection
	GlobalSection(ProjectConfigurationPlatforms) = postSolution
		{188C082F-A690-45BF-8D22-C10FBC4FE8EC}.Debug|x64.ActiveCfg = Debug|x64
		{188C082F-A690-45BF-8D22-C10FBC4FE8EC}.Debug|x64.Build.0 = Debug|x64
		{188C082F-A690-45BF-8D22-C10FBC4FE8EC}.Debug|x86.ActiveCfg = Debug|Win32
		{188C082F-A690-45BF-8D22-C10FBC4FE8EC}.Debug|x86.Build.0 = Debug|Win32
		{188C082F-A690-45BF-8D22-C10FBC4FE8EC}.Release|x64.ActiveCfg = Release|x64
		{188C082F-A690-45BF-8D22-C10FBC4FE8EC}.Release|x64.Build.0 = Release|x64
		{188C082F-A690-45BF-8D22-C10FBC4FE8EC}.Release|x86.ActiveCfg = Release|Win32
		{188C082F-A690-45BF-8D22-C10FBC4FE8EC}.Release|x86.Build.0 = Release|Win32
		{02E01B5E-CC41-47E2-94CB-21960D99B891}.Debug|x64.ActiveCfg = Debug|x64
		{02E01B5E-CC41-47E2-94CB-21960D99B891}.Debug|x64.Build.0 = Debug|x64
		{02E01B5E-CC41-47E2-94CB-21960D99B891}.Debug|x86.ActiveCfg = Debug|Win32
		{02E01B5E-CC41-47E2-94CB-21960D99B891}.Debug|x86.Build.0 = Debug|Win32
		{02E01B5E-CC41-47E2-94CB-21960D99B891}.Release|x64.ActiveCfg = Release|x64
		{02E01B5E-CC41-47E2-94CB-21960D99B891}.Release|x64.Build.0 = Release|x64
		{02E01B5E-CC41-47E2-94CB-21960D99B891}.Release|x86.ActiveCfg = Release|Win32
		{02E01B5E-CC41-47E2-94CB-21960D99B891}.Release|x86.Build.0 = Release|Win32
		{511BA45E-CD99-421F-8B89-529691311F20}.Debug|x64.ActiveCfg = Debug|x64
		{511BA45E-CD99-421F-8B89-529691311F20}.Debug|x64.Build.0 = Debug|x64
		{511BA45E-CD99-421F-8B89-529691311F20}.Debug|x86.ActiveCfg = Debug|Win32
		{511BA45E-CD99-421F-8B89-529691311F20}.Debug|x86.Build.0 = Debug|Win32
		{511BA45E-CD99-421F-8B89-529691311F20}.Release|x64.ActiveCfg = Release|x64
		{511BA45E-CD99-421F-8B89-529691311F20}.Release|x64.Build.0 = Release|x64
		{511BA45E-CD99-421F-8B89-529691311F20}.Release|x86.ActiveCfg = Release|Win32
		{511BA45E-CD99-421F-8B89-529691311F20}.Release|x86.Build.0 = Release|Win32
		{60BEB23D-F91C-40FE-820D-41890244AD85}.Debug|x64.ActiveCfg = Debug|x64
		{60BEB23D-F91C-40FE-820D-41890244AD85}.Debug|x64.Build.0 = Debug|x64
		{60BEB23D-F91C-40FE-820D-41890244AD85}.Debug|x86.ActiveCfg = Debug|Win32
		{60BEB23D-F91C-40FE-820D-41890244AD85}.Debug|x86.Build.0 = Debug|Win32
		{60BEB23D-F91C-40FE-820D-41890244AD85}.Release|x64.ActiveCfg = Release|x64
		{60BEB23D-F91C-40FE-820D-41890244AD85}.Release|x64.Build.0 = Release|x64
		{60BEB23D-F91C-40FE-820D-41890244AD85}.Release|x86.ActiveCfg = Release|Win32
		{60BEB23D-F91C-40FE-820D-41890244AD85}.Release|x86.Build.0 = Release|Win32
		{32F90413-AD6C-4FDF-A2B7-D04E30143C8A}.Debug|x64.ActiveCfg = Debug|x64
		{32F90413-AD6C-4FDF-A2B7-D04E30143C8A}.Debug|x64.Build.0 = Debug|x64
		{32F90413-AD6C-4FDF-A2B7-D04E30143C8A}.Debug|x86.ActiveCfg = Debug|Win32
		{32F90413-AD6C-4FDF-A2B7-D04E30143C8A}.Debug|x86.Build.0 = Debug|Win32
		{32F90413-AD6C-4FDF-A2B7-D04E30143C8A}.Release|x64.ActiveCfg = Release|x64
		{32F90413-AD6C-4FDF-A2B7-D04E30143C8A}.Release|x64.Build.0 = Release|x64
		{32F90413-AD6C-4FDF-A2B7-D04E30143C8A}.Release|x86.ActiveCfg = Release|Win32
		{32F90413-AD6C-4FDF-A2B7-D04E30143C8A}.Release|x86.Build.0 = Release|Win32
		{9E1653BF-3E98-4DD6-B42D-A0659F3DBE6E}.Debug|x64.ActiveCfg = Debug|x64
		{9E1653BF-3E98-4DD6-B42D-A0659F3DBE6E}.Debug|x64.Build.0 = Debug|x64
		{9E1653BF-3E98-4DD6-B42D-A0659F3DBE6E}.Debug|x86.ActiveCfg = Debug|Win32
		{9E1653BF-3E98-4DD6-B42D-A0659F3DBE6E}.Debug|x86.Build.0 = Debug|Win32
		{9E1653BF-3E98-4DD6-B42D-A0659F3DBE6E}.Release|x64.ActiveCfg = Release|x64
		{9E1653BF-3E98-4DD6-B42D-A0659F3DBE6E}.Release|x64.Build.0 = Release|x64
		{9E1653BF-3E98-4DD6-B42D-A0659F3DBE6E}.Release|x86.ActiveCfg = Release|Win32
		{9E1653BF-3E98-4DD6-B42D-A0659F3DBE6E}.Release|x86.Build.0 = Release|Win32
		{24957106-9963-4680-AEFE-52A6740085DB}.Debug|x64.ActiveCfg = Debug|x64
		{24957106-9963-4680-AEFE-52A6740085DB}.Debug|x64.Build.0 = Debug|x64
		{24957106-9963-4680-AEFE-52A6740085DB}.Debug|x86.ActiveCfg = Debug|Win32
		{24957106-9963-4680-AEFE-52A6740085DB}.Debug|x86.Build.0 = Debug|Win32
		{24957106-9963-4680-AEFE-52A6740085DB}.Release|x64.ActiveCfg = Release|x64
		{24957106-9963-4680-AEFE-52A6740085DB}.Release|x64.Build.0 = Release|x64
		{24957106-9963-4680-AEFE-52A6740085DB}.Release|x86.ActiveCfg = Release|Win32
		{24957106-9963-4680-AEFE-52A6740085DB}.Release|x86.Build.0 = Release|Win32
	EndGlobalSection
	GlobalSection(SolutionProperties) = preSolution
		HideSolutionNode = FALSE
	EndGlobalSection
EndGlobal
