<?xml version="1.0" encoding="utf-8"?>
<Project ToolsVersion="4.0" xmlns="http://schemas.microsoft.com/developer/msbuild/2003">
  <ItemGroup>
    <Filter Include="Source Files">
      <UniqueIdentifier>{4FC737F1-C7A5-4376-A066-2A32D752A2FF}</UniqueIdentifier>
      <Extensions>cpp;c;cc;cxx;def;odl;idl;hpj;bat;asm;asmx</Extensions>
    </Filter>
    <Filter Include="Header Files">
      <UniqueIdentifier>{93995380-89BD-4b04-88EB-625FBE52EBFB}</UniqueIdentifier>
      <Extensions>h;hh;hpp;hxx;hm;inl;inc;xsd</Extensions>
    </Filter>
    <Filter Include="Resource Files">
      <UniqueIdentifier>{67DA6AB6-F800-4c08-8B7A-83BB121AAD01}</UniqueIdentifier>
      <Extensions>rc;ico;cur;bmp;dlg;rc2;rct;bin;rgs;gif;jpg;jpeg;jpe;resx;tiff;tif;png;wav;mfcribbon-ms</Extensions>
    </Filter>
    <Filter Include="Header Files\grocery">
      <UniqueIdentifier>{503ef953-7f8c-4484-8e95-75e30309ac74}</UniqueIdentifier>
    </Filter>
    <Filter Include="Header Files\base_chain">
      <UniqueIdentifier>{89f24727-df76-4ac9-82a0-0ac8d1dad62a}</UniqueIdentifier>
    </Filter>
    <Filter Include="Header Files\zlog">
      <UniqueIdentifier>{f72885fb-4103-4773-b10b-715c64388e0f}</UniqueIdentifier>
    </Filter>
    <Filter Include="Header Files\stream">
      <UniqueIdentifier>{a82cb4ed-0feb-4047-a62c-763a9a0442fb}</UniqueIdentifier>
    </Filter>
    <Filter Include="Header Files\nut">
      <UniqueIdentifier>{48952655-69cf-4398-a2db-0160dc9610b3}</UniqueIdentifier>
    </Filter>
    <Filter Include="Header Files\dump">
      <UniqueIdentifier>{31053283-6e10-456e-814b-880dc48df3d9}</UniqueIdentifier>
    </Filter>
    <Filter Include="Header Files\cpp">
      <UniqueIdentifier>{ffa75f37-aaef-4fdd-afaa-f1c07aca6787}</UniqueIdentifier>
    </Filter>
    <Filter Include="Header Files\cpp\mp">
      <UniqueIdentifier>{33dd1ad6-47cb-4255-869b-a9bf00999b3e}</UniqueIdentifier>
    </Filter>
    <Filter Include="Header Files\cpp\template">
      <UniqueIdentifier>{42073e7b-1314-450e-9b70-3da7c7c3ec5b}</UniqueIdentifier>
    </Filter>
    <Filter Include="Header Files\cpp\trick">
      <UniqueIdentifier>{66c8eb97-aacb-4a76-a94d-940a6338c32a}</UniqueIdentifier>
    </Filter>
    <Filter Include="Header Files\cpp\type_traits">
      <UniqueIdentifier>{9d103f02-5cfc-4865-b547-d91dd8bc1747}</UniqueIdentifier>
    </Filter>
    <Filter Include="Header Files\socket">
      <UniqueIdentifier>{949bffe7-438c-414a-9762-60e8220062bc}</UniqueIdentifier>
    </Filter>
    <Filter Include="Header Files\base_feature">
      <UniqueIdentifier>{c1226ebb-f656-4433-9b14-cd850bf0e2c0}</UniqueIdentifier>
    </Filter>
    <Filter Include="Header Files\cpp\c17">
      <UniqueIdentifier>{3d8c4e5d-117e-4e1e-bb4c-74d262fcc3db}</UniqueIdentifier>
    </Filter>
  </ItemGroup>
  <ItemGroup>
    <Text Include="ReadMe.txt" />
  </ItemGroup>
  <ItemGroup>
    <ClInclude Include="stdafx.h">
      <Filter>Header Files</Filter>
    </ClInclude>
    <ClInclude Include="targetver.h">
      <Filter>Header Files</Filter>
    </ClInclude>
    <ClInclude Include="guru.h">
      <Filter>Header Files</Filter>
    </ClInclude>
    <ClInclude Include="grocery\path.h">
      <Filter>Header Files\grocery</Filter>
    </ClInclude>
    <ClInclude Include="gvals.h">
      <Filter>Header Files</Filter>
    </ClInclude>
    <ClInclude Include="grocery\chrono_ex.h">
      <Filter>Header Files\grocery</Filter>
    </ClInclude>
    <ClInclude Include="grocery\low_chrono.h">
      <Filter>Header Files\grocery</Filter>
    </ClInclude>
    <ClInclude Include="grocery\digest.h">
      <Filter>Header Files\grocery</Filter>
    </ClInclude>
    <ClInclude Include="grocery\string_ex.h">
      <Filter>Header Files\grocery</Filter>
    </ClInclude>
    <ClInclude Include="trick\countable_CRTP.h">
      <Filter>Header Files\cpp\trick</Filter>
    </ClInclude>
    <ClInclude Include="mp\pow.h">
      <Filter>Header Files\cpp\mp</Filter>
    </ClInclude>
    <ClInclude Include="mp\sqrt.h">
      <Filter>Header Files\cpp\mp</Filter>
    </ClInclude>
    <ClInclude Include="mp\loop.h">
      <Filter>Header Files\cpp\mp</Filter>
    </ClInclude>
    <ClInclude Include="trick\type_traits.h">
      <Filter>Header Files\cpp\trick</Filter>
    </ClInclude>
    <ClInclude Include="base_chain\non_instantable.h">
      <Filter>Header Files\base_chain</Filter>
    </ClInclude>
    <ClInclude Include="base_chain\non_copyable.h">
      <Filter>Header Files\base_chain</Filter>
    </ClInclude>
    <ClInclude Include="base_chain\prefixable.h">
      <Filter>Header Files\base_chain</Filter>
    </ClInclude>
    <ClInclude Include="zlog\log_formatter.h">
      <Filter>Header Files\zlog</Filter>
    </ClInclude>
    <ClInclude Include="zlog\log_item.h">
      <Filter>Header Files\zlog</Filter>
    </ClInclude>
    <ClInclude Include="zlog\log_level.h">
      <Filter>Header Files\zlog</Filter>
    </ClInclude>
    <ClInclude Include="stream\null_stream.h">
      <Filter>Header Files\stream</Filter>
    </ClInclude>
    <ClInclude Include="zlog\log_channel.h">
      <Filter>Header Files\zlog</Filter>
    </ClInclude>
    <ClInclude Include="zlog\log_filter.h">
      <Filter>Header Files\zlog</Filter>
    </ClInclude>
    <ClInclude Include="zlog\log_item_generator.h">
      <Filter>Header Files\zlog</Filter>
    </ClInclude>
    <ClInclude Include="zlog\logger.h">
      <Filter>Header Files\zlog</Filter>
    </ClInclude>
    <ClInclude Include="nut\signal.h">
      <Filter>Header Files\nut</Filter>
    </ClInclude>
    <ClInclude Include="template\friend.h">
      <Filter>Header Files\cpp\template</Filter>
    </ClInclude>
    <ClInclude Include="dump\stack_tracer.h">
      <Filter>Header Files\dump</Filter>
    </ClInclude>
    <ClInclude Include="dump\uncatcher.h">
      <Filter>Header Files\dump</Filter>
    </ClInclude>
    <ClInclude Include="dump\struct_exception.h">
      <Filter>Header Files\dump</Filter>
    </ClInclude>
    <ClInclude Include="template\variadic.h">
      <Filter>Header Files\cpp\template</Filter>
    </ClInclude>
    <ClInclude Include="template\raw_array.h">
      <Filter>Header Files\cpp\template</Filter>
    </ClInclude>
    <ClInclude Include="template\variable.h">
      <Filter>Header Files\cpp\template</Filter>
    </ClInclude>
    <ClInclude Include="template\forwarding.h">
      <Filter>Header Files\cpp\template</Filter>
    </ClInclude>
    <ClInclude Include="type_traits\enable_if.h">
      <Filter>Header Files\cpp\type_traits</Filter>
    </ClInclude>
    <ClInclude Include="stream\trait_stream.h">
      <Filter>Header Files\stream</Filter>
    </ClInclude>
    <ClInclude Include="stream\head_tail_stream.h">
      <Filter>Header Files\stream</Filter>
    </ClInclude>
    <ClInclude Include="stream\stream_generator.h">
      <Filter>Header Files\stream</Filter>
    </ClInclude>
    <ClInclude Include="grocery\ostream_ex.h">
      <Filter>Header Files\grocery</Filter>
    </ClInclude>
    <ClInclude Include="stream\transparent_stream.h">
      <Filter>Header Files\stream</Filter>
    </ClInclude>
    <ClInclude Include="socket\niceer.h">
      <Filter>Header Files\socket</Filter>
    </ClInclude>
    <ClInclude Include="base_feature\noncopyable.h">
      <Filter>Header Files\base_feature</Filter>
    </ClInclude>
    <ClInclude Include="base_feature\nonassignable.h">
      <Filter>Header Files\base_feature</Filter>
    </ClInclude>
    <ClInclude Include="socket\base_socket.h">
      <Filter>Header Files\socket</Filter>
    </ClInclude>
    <ClInclude Include="socket\sender_socket.h">
      <Filter>Header Files\socket</Filter>
    </ClInclude>
    <ClInclude Include="base_feature\null_fixable.h">
      <Filter>Header Files\base_feature</Filter>
    </ClInclude>
    <ClInclude Include="base_feature\lock_fixable.h">
      <Filter>Header Files\base_feature</Filter>
    </ClInclude>
    <ClInclude Include="socket\recver_socket.h">
      <Filter>Header Files\socket</Filter>
    </ClInclude>
    <ClInclude Include="socket\udp_sender.h">
      <Filter>Header Files\socket</Filter>
    </ClInclude>
    <ClInclude Include="c17\if_constexpr.h">
      <Filter>Header Files\cpp\c17</Filter>
    </ClInclude>
    <ClInclude Include="socket\udp_recver.h">
      <Filter>Header Files\socket</Filter>
    </ClInclude>
    <ClInclude Include="socket\multi_sender.h">
      <Filter>Header Files\socket</Filter>
    </ClInclude>
    <ClInclude Include="socket\multi_recver.h">
      <Filter>Header Files\socket</Filter>
    </ClInclude>
    <ClInclude Include="socket\broad_sender.h">
      <Filter>Header Files\socket</Filter>
    </ClInclude>
    <ClInclude Include="socket\broad_recver.h">
      <Filter>Header Files\socket</Filter>
    </ClInclude>
    <ClInclude Include="socket\tcp_base.h">
      <Filter>Header Files\socket</Filter>
    </ClInclude>
    <ClInclude Include="socket\tcp_conn.h">
      <Filter>Header Files\socket</Filter>
    </ClInclude>
    <ClInclude Include="socket\tcp_server.h">
      <Filter>Header Files\socket</Filter>
    </ClInclude>
  </ItemGroup>
  <ItemGroup>
    <ClCompile Include="stdafx.cpp">
      <Filter>Source Files</Filter>
    </ClCompile>
    <ClCompile Include="guru.cpp">
      <Filter>Source Files</Filter>
    </ClCompile>
    <ClCompile Include="dllmain.cpp">
      <Filter>Source Files</Filter>
    </ClCompile>
  </ItemGroup>
</Project>