<?xml version="1.0" encoding="utf-8"?>
<Project ToolsVersion="4.0" xmlns="http://schemas.microsoft.com/developer/msbuild/2003">
  <ItemGroup>
    <Filter Include="Source Files">
      <UniqueIdentifier>{4FC737F1-C7A5-4376-A066-2A32D752A2FF}</UniqueIdentifier>
      <Extensions>cpp;c;cc;cxx;def;odl;idl;hpj;bat;asm;asmx</Extensions>
    </Filter>
    <Filter Include="Header Files">
      <UniqueIdentifier>{93995380-89BD-4b04-88EB-625FBE52EBFB}</UniqueIdentifier>
      <Extensions>h;hh;hpp;hxx;hm;inl;inc;xsd</Extensions>
    </Filter>
    <Filter Include="Resource Files">
      <UniqueIdentifier>{67DA6AB6-F800-4c08-8B7A-83BB121AAD01}</UniqueIdentifier>
      <Extensions>rc;ico;cur;bmp;dlg;rc2;rct;bin;rgs;gif;jpg;jpeg;jpe;resx;tiff;tif;png;wav;mfcribbon-ms</Extensions>
    </Filter>
    <Filter Include="Header Files\grocery">
      <UniqueIdentifier>{503ef953-7f8c-4484-8e95-75e30309ac74}</UniqueIdentifier>
    </Filter>
    <Filter Include="Header Files\trick">
      <UniqueIdentifier>{66c8eb97-aacb-4a76-a94d-940a6338c32a}</UniqueIdentifier>
    </Filter>
    <Filter Include="Header Files\mp">
      <UniqueIdentifier>{33dd1ad6-47cb-4255-869b-a9bf00999b3e}</UniqueIdentifier>
    </Filter>
    <Filter Include="Header Files\base_chain">
      <UniqueIdentifier>{89f24727-df76-4ac9-82a0-0ac8d1dad62a}</UniqueIdentifier>
    </Filter>
    <Filter Include="Header Files\zlog">
      <UniqueIdentifier>{f72885fb-4103-4773-b10b-715c64388e0f}</UniqueIdentifier>
    </Filter>
    <Filter Include="Header Files\stream">
      <UniqueIdentifier>{a82cb4ed-0feb-4047-a62c-763a9a0442fb}</UniqueIdentifier>
    </Filter>
  </ItemGroup>
  <ItemGroup>
    <Text Include="ReadMe.txt" />
  </ItemGroup>
  <ItemGroup>
    <ClInclude Include="stdafx.h">
      <Filter>Header Files</Filter>
    </ClInclude>
    <ClInclude Include="targetver.h">
      <Filter>Header Files</Filter>
    </ClInclude>
    <ClInclude Include="guru.h">
      <Filter>Header Files</Filter>
    </ClInclude>
    <ClInclude Include="grocery\path.h">
      <Filter>Header Files\grocery</Filter>
    </ClInclude>
    <ClInclude Include="gvals.h">
      <Filter>Header Files</Filter>
    </ClInclude>
    <ClInclude Include="grocery\chrono_ex.h">
      <Filter>Header Files\grocery</Filter>
    </ClInclude>
    <ClInclude Include="grocery\low_chrono.h">
      <Filter>Header Files\grocery</Filter>
    </ClInclude>
    <ClInclude Include="grocery\digest.h">
      <Filter>Header Files\grocery</Filter>
    </ClInclude>
    <ClInclude Include="grocery\string_ex.h">
      <Filter>Header Files\grocery</Filter>
    </ClInclude>
    <ClInclude Include="trick\countable_CRTP.h">
      <Filter>Header Files\trick</Filter>
    </ClInclude>
    <ClInclude Include="mp\pow.h">
      <Filter>Header Files\mp</Filter>
    </ClInclude>
    <ClInclude Include="mp\sqrt.h">
      <Filter>Header Files\mp</Filter>
    </ClInclude>
    <ClInclude Include="mp\loop.h">
      <Filter>Header Files\mp</Filter>
    </ClInclude>
    <ClInclude Include="trick\type_traits.h">
      <Filter>Header Files\trick</Filter>
    </ClInclude>
    <ClInclude Include="base_chain\non_instantable.h">
      <Filter>Header Files\base_chain</Filter>
    </ClInclude>
    <ClInclude Include="base_chain\non_copyable.h">
      <Filter>Header Files\base_chain</Filter>
    </ClInclude>
    <ClInclude Include="base_chain\prefixable.h">
      <Filter>Header Files\base_chain</Filter>
    </ClInclude>
    <ClInclude Include="zlog\log_formatter.h">
      <Filter>Header Files\zlog</Filter>
    </ClInclude>
    <ClInclude Include="zlog\log_item.h">
      <Filter>Header Files\zlog</Filter>
    </ClInclude>
    <ClInclude Include="zlog\log_level.h">
      <Filter>Header Files\zlog</Filter>
    </ClInclude>
    <ClInclude Include="stream\null_stream.h">
      <Filter>Header Files\stream</Filter>
    </ClInclude>
    <ClInclude Include="zlog\log_channel.h">
      <Filter>Header Files\zlog</Filter>
    </ClInclude>
    <ClInclude Include="zlog\log_filter.h">
      <Filter>Header Files\zlog</Filter>
    </ClInclude>
    <ClInclude Include="zlog\log_item_generator.h">
      <Filter>Header Files\zlog</Filter>
    </ClInclude>
  </ItemGroup>
  <ItemGroup>
    <ClCompile Include="stdafx.cpp">
      <Filter>Source Files</Filter>
    </ClCompile>
    <ClCompile Include="guru.cpp">
      <Filter>Source Files</Filter>
    </ClCompile>
    <ClCompile Include="dllmain.cpp">
      <Filter>Source Files</Filter>
    </ClCompile>
  </ItemGroup>
</Project>